
Microsoft Visual Studio Solution File, Format Version 12.00
# Visual Studio 2013
VisualStudioVersion = 12.0.21005.1
MinimumVisualStudioVersion = 10.0.40219.1
Project("{FAE04EC0-301F-11D3-BF4B-00C04F79EFBC}") = "Task1", "Task1\Task1.csproj", "{5FEE6DE1-6187-43F3-A045-394CA90C6831}"
EndProject
Project("{FAE04EC0-301F-11D3-BF4B-00C04F79EFBC}") = "Task2", "Task2\Task2.csproj", "{09F30A56-B755-4DE2-9074-C9B9F1612ED0}"
EndProject
Project("{FAE04EC0-301F-11D3-BF4B-00C04F79EFBC}") = "Task3", "Task3\Task3.csproj", "{0962BD6B-A470-4172-91A6-7540CE056D8A}"
EndProject
Project("{FAE04EC0-301F-11D3-BF4B-00C04F79EFBC}") = "Task4", "Task4\Task4.csproj", "{83649937-1BB5-4F64-99B6-3B400C9443AD}"
EndProject
Project("{FAE04EC0-301F-11D3-BF4B-00C04F79EFBC}") = "Task5", "Task5\Task5.csproj", "{003653F9-583E-48E4-9D6D-593CD537B89F}"
EndProject
Project("{FAE04EC0-301F-11D3-BF4B-00C04F79EFBC}") = "Task6", "Task6\Task6.csproj", "{40040EAC-63EB-4749-A4B1-43617346366E}"
EndProject
Global
	GlobalSection(SolutionConfigurationPlatforms) = preSolution
		Debug|Any CPU = Debug|Any CPU
		Release|Any CPU = Release|Any CPU
	EndGlobalSection
	GlobalSection(ProjectConfigurationPlatforms) = postSolution
		{5FEE6DE1-6187-43F3-A045-394CA90C6831}.Debug|Any CPU.ActiveCfg = Debug|Any CPU
		{5FEE6DE1-6187-43F3-A045-394CA90C6831}.Debug|Any CPU.Build.0 = Debug|Any CPU
		{5FEE6DE1-6187-43F3-A045-394CA90C6831}.Release|Any CPU.ActiveCfg = Release|Any CPU
		{5FEE6DE1-6187-43F3-A045-394CA90C6831}.Release|Any CPU.Build.0 = Release|Any CPU
		{09F30A56-B755-4DE2-9074-C9B9F1612ED0}.Debug|Any CPU.ActiveCfg = Debug|Any CPU
		{09F30A56-B755-4DE2-9074-C9B9F1612ED0}.Debug|Any CPU.Build.0 = Debug|Any CPU
		{09F30A56-B755-4DE2-9074-C9B9F1612ED0}.Release|Any CPU.ActiveCfg = Release|Any CPU
		{09F30A56-B755-4DE2-9074-C9B9F1612ED0}.Release|Any CPU.Build.0 = Release|Any CPU
		{0962BD6B-A470-4172-91A6-7540CE056D8A}.Debug|Any CPU.ActiveCfg = Debug|Any CPU
		{0962BD6B-A470-4172-91A6-7540CE056D8A}.Debug|Any CPU.Build.0 = Debug|Any CPU
		{0962BD6B-A470-4172-91A6-7540CE056D8A}.Release|Any CPU.ActiveCfg = Release|Any CPU
		{0962BD6B-A470-4172-91A6-7540CE056D8A}.Release|Any CPU.Build.0 = Release|Any CPU
		{83649937-1BB5-4F64-99B6-3B400C9443AD}.Debug|Any CPU.ActiveCfg = Debug|Any CPU
		{83649937-1BB5-4F64-99B6-3B400C9443AD}.Debug|Any CPU.Build.0 = Debug|Any CPU
		{83649937-1BB5-4F64-99B6-3B400C9443AD}.Release|Any CPU.ActiveCfg = Release|Any CPU
		{83649937-1BB5-4F64-99B6-3B400C9443AD}.Release|Any CPU.Build.0 = Release|Any CPU
		{003653F9-583E-48E4-9D6D-593CD537B89F}.Debug|Any CPU.ActiveCfg = Debug|Any CPU
		{003653F9-583E-48E4-9D6D-593CD537B89F}.Debug|Any CPU.Build.0 = Debug|Any CPU
		{003653F9-583E-48E4-9D6D-593CD537B89F}.Release|Any CPU.ActiveCfg = Release|Any CPU
		{003653F9-583E-48E4-9D6D-593CD537B89F}.Release|Any CPU.Build.0 = Release|Any CPU
		{40040EAC-63EB-4749-A4B1-43617346366E}.Debug|Any CPU.ActiveCfg = Debug|Any CPU
		{40040EAC-63EB-4749-A4B1-43617346366E}.Debug|Any CPU.Build.0 = Debug|Any CPU
		{40040EAC-63EB-4749-A4B1-43617346366E}.Release|Any CPU.ActiveCfg = Release|Any CPU
		{40040EAC-63EB-4749-A4B1-43617346366E}.Release|Any CPU.Build.0 = Release|Any CPU
	EndGlobalSection
	GlobalSection(SolutionProperties) = preSolution
		HideSolutionNode = FALSE
	EndGlobalSection
EndGlobal
